
Microsoft Visual Studio Solution File, Format Version 12.00
# Visual Studio Version 17
VisualStudioVersion = 17.5.33424.131
MinimumVisualStudioVersion = 10.0.40219.1
Project("{FAE04EC0-301F-11D3-BF4B-00C04F79EFBC}") = "Exercicio01", "Exercicio01\Exercicio01.csproj", "{88A4FA6E-86AC-42E9-9095-0D58596F9EA5}"
EndProject
Project("{FAE04EC0-301F-11D3-BF4B-00C04F79EFBC}") = "Exercicio02", "Exercicio02\Exercicio02.csproj", "{82BAB0A2-6A6A-482B-812B-91F0079496E5}"
EndProject
Project("{FAE04EC0-301F-11D3-BF4B-00C04F79EFBC}") = "Exercicio03", "Exercicio03\Exercicio03.csproj", "{A7DAA192-19DF-46CA-9293-E13F80770237}"
EndProject
Project("{FAE04EC0-301F-11D3-BF4B-00C04F79EFBC}") = "Exercicio04", "Exercicio04\Exercicio04.csproj", "{C7760985-A9B6-4FDD-8D22-AE17F2241028}"
EndProject
Project("{FAE04EC0-301F-11D3-BF4B-00C04F79EFBC}") = "Exercicio05", "Exercicio05\Exercicio05.csproj", "{BEF9048A-22B8-44C2-BA68-03493AED9012}"
EndProject
Project("{FAE04EC0-301F-11D3-BF4B-00C04F79EFBC}") = "Exercicio06", "Exercicio06\Exercicio06.csproj", "{3509E173-CB43-4140-B249-53798AD453E5}"
EndProject
Project("{FAE04EC0-301F-11D3-BF4B-00C04F79EFBC}") = "Exercicio07", "Exercicio07\Exercicio07.csproj", "{F970C058-203B-463F-8FB3-1BF24B999F9C}"
EndProject
Project("{FAE04EC0-301F-11D3-BF4B-00C04F79EFBC}") = "Exercicio08", "Exercicio08\Exercicio08.csproj", "{DD9A8E46-6429-40BB-A730-060A71A4A04C}"
EndProject
Project("{FAE04EC0-301F-11D3-BF4B-00C04F79EFBC}") = "Exercicio09", "Exercicio09\Exercicio09.csproj", "{745A21E6-74B6-4A2B-A36A-78B4EF9D4D3E}"
EndProject
Project("{FAE04EC0-301F-11D3-BF4B-00C04F79EFBC}") = "Exercicio10", "Exercicio10\Exercicio10.csproj", "{3FADA797-4130-4E3E-BEBA-8EAAB428B7B3}"
EndProject
Project("{FAE04EC0-301F-11D3-BF4B-00C04F79EFBC}") = "Exercicio11", "Exercicio11\Exercicio11.csproj", "{16C72057-FA03-46F6-904F-0D622154B27E}"
EndProject
Project("{FAE04EC0-301F-11D3-BF4B-00C04F79EFBC}") = "Exercicio12", "Exercicio12\Exercicio12.csproj", "{C0B1CC2D-5EA1-4CC1-BFE4-2344E57DFBD9}"
EndProject
Project("{FAE04EC0-301F-11D3-BF4B-00C04F79EFBC}") = "Exercicio13", "Exercicio13\Exercicio13.csproj", "{B479AAA1-8AD4-4951-BC60-0309571E0409}"
EndProject
Project("{FAE04EC0-301F-11D3-BF4B-00C04F79EFBC}") = "Exercicio14", "Exercicio14\Exercicio14.csproj", "{14E800E8-29AF-4661-951E-C84AD515A592}"
EndProject
Project("{FAE04EC0-301F-11D3-BF4B-00C04F79EFBC}") = "Exercicio15", "Exercicio15\Exercicio15.csproj", "{41F77D81-3690-4ED3-98EE-A52E72C876D5}"
EndProject
Project("{FAE04EC0-301F-11D3-BF4B-00C04F79EFBC}") = "Exercicio16", "Exercicio16\Exercicio16.csproj", "{D43716D7-ACF4-49AF-968D-990D0ABCE574}"
EndProject
Project("{FAE04EC0-301F-11D3-BF4B-00C04F79EFBC}") = "Exercicio17", "Exercicio17\Exercicio17.csproj", "{3AACFDFA-F53C-4337-BE6B-C0A1A251656A}"
EndProject
Project("{FAE04EC0-301F-11D3-BF4B-00C04F79EFBC}") = "Exercicio18", "Exercicio18\Exercicio18.csproj", "{1BD96A91-B081-4FA1-B484-38571F668A57}"
EndProject
Project("{FAE04EC0-301F-11D3-BF4B-00C04F79EFBC}") = "Exercicio19", "Exercicio19\Exercicio19.csproj", "{420712D9-EEB5-464D-8DB6-856E87C37877}"
EndProject
Project("{FAE04EC0-301F-11D3-BF4B-00C04F79EFBC}") = "Exercicio20", "Exercicio20\Exercicio20.csproj", "{D01735B5-BB51-4E21-A9E0-5C6C49F6D691}"
EndProject
Project("{FAE04EC0-301F-11D3-BF4B-00C04F79EFBC}") = "Exercicio23", "Exercicio23\Exercicio23.csproj", "{CDF3EC97-EF2E-49FE-B2D7-8DA9B41B7DD8}"
EndProject
Project("{FAE04EC0-301F-11D3-BF4B-00C04F79EFBC}") = "Exercicio24", "Exercicio24\Exercicio24.csproj", "{BAA71E3E-5426-428F-9B2D-34ACA7966F62}"
EndProject
Project("{FAE04EC0-301F-11D3-BF4B-00C04F79EFBC}") = "Exercicio25", "Exercicio25\Exercicio25.csproj", "{A5BF6F52-1896-4B36-9DFA-440DABD74C30}"
EndProject
Project("{FAE04EC0-301F-11D3-BF4B-00C04F79EFBC}") = "Exercicio26", "Exercicio26\Exercicio26.csproj", "{DF8D6626-A83C-41B1-A908-205ECA993260}"
EndProject
Project("{FAE04EC0-301F-11D3-BF4B-00C04F79EFBC}") = "Exercicio27", "Exercicio27\Exercicio27.csproj", "{307FC20F-DE5E-4781-ACDA-07C234175177}"
EndProject
Project("{FAE04EC0-301F-11D3-BF4B-00C04F79EFBC}") = "Exercicio28", "Exercicio28\Exercicio28.csproj", "{6C91331F-E02F-41EC-ACDA-F4F0387BF33B}"
EndProject
Project("{FAE04EC0-301F-11D3-BF4B-00C04F79EFBC}") = "Exercicio29", "Exercicio29\Exercicio29.csproj", "{4E251DC4-B44B-4BEF-9449-6849B4B66FEF}"
EndProject
Project("{FAE04EC0-301F-11D3-BF4B-00C04F79EFBC}") = "Exercicio21e22", "Exercicio21e22\Exercicio21e22.csproj", "{A57D8BE3-A5FC-4AAE-814A-BFB02A36EB01}"
EndProject
Global
	GlobalSection(SolutionConfigurationPlatforms) = preSolution
		Debug|Any CPU = Debug|Any CPU
		Release|Any CPU = Release|Any CPU
	EndGlobalSection
	GlobalSection(ProjectConfigurationPlatforms) = postSolution
		{88A4FA6E-86AC-42E9-9095-0D58596F9EA5}.Debug|Any CPU.ActiveCfg = Debug|Any CPU
		{88A4FA6E-86AC-42E9-9095-0D58596F9EA5}.Debug|Any CPU.Build.0 = Debug|Any CPU
		{88A4FA6E-86AC-42E9-9095-0D58596F9EA5}.Release|Any CPU.ActiveCfg = Release|Any CPU
		{88A4FA6E-86AC-42E9-9095-0D58596F9EA5}.Release|Any CPU.Build.0 = Release|Any CPU
		{82BAB0A2-6A6A-482B-812B-91F0079496E5}.Debug|Any CPU.ActiveCfg = Debug|Any CPU
		{82BAB0A2-6A6A-482B-812B-91F0079496E5}.Debug|Any CPU.Build.0 = Debug|Any CPU
		{82BAB0A2-6A6A-482B-812B-91F0079496E5}.Release|Any CPU.ActiveCfg = Release|Any CPU
		{82BAB0A2-6A6A-482B-812B-91F0079496E5}.Release|Any CPU.Build.0 = Release|Any CPU
		{A7DAA192-19DF-46CA-9293-E13F80770237}.Debug|Any CPU.ActiveCfg = Debug|Any CPU
		{A7DAA192-19DF-46CA-9293-E13F80770237}.Debug|Any CPU.Build.0 = Debug|Any CPU
		{A7DAA192-19DF-46CA-9293-E13F80770237}.Release|Any CPU.ActiveCfg = Release|Any CPU
		{A7DAA192-19DF-46CA-9293-E13F80770237}.Release|Any CPU.Build.0 = Release|Any CPU
		{C7760985-A9B6-4FDD-8D22-AE17F2241028}.Debug|Any CPU.ActiveCfg = Debug|Any CPU
		{C7760985-A9B6-4FDD-8D22-AE17F2241028}.Debug|Any CPU.Build.0 = Debug|Any CPU
		{C7760985-A9B6-4FDD-8D22-AE17F2241028}.Release|Any CPU.ActiveCfg = Release|Any CPU
		{C7760985-A9B6-4FDD-8D22-AE17F2241028}.Release|Any CPU.Build.0 = Release|Any CPU
		{BEF9048A-22B8-44C2-BA68-03493AED9012}.Debug|Any CPU.ActiveCfg = Debug|Any CPU
		{BEF9048A-22B8-44C2-BA68-03493AED9012}.Debug|Any CPU.Build.0 = Debug|Any CPU
		{BEF9048A-22B8-44C2-BA68-03493AED9012}.Release|Any CPU.ActiveCfg = Release|Any CPU
		{BEF9048A-22B8-44C2-BA68-03493AED9012}.Release|Any CPU.Build.0 = Release|Any CPU
		{3509E173-CB43-4140-B249-53798AD453E5}.Debug|Any CPU.ActiveCfg = Debug|Any CPU
		{3509E173-CB43-4140-B249-53798AD453E5}.Debug|Any CPU.Build.0 = Debug|Any CPU
		{3509E173-CB43-4140-B249-53798AD453E5}.Release|Any CPU.ActiveCfg = Release|Any CPU
		{3509E173-CB43-4140-B249-53798AD453E5}.Release|Any CPU.Build.0 = Release|Any CPU
		{F970C058-203B-463F-8FB3-1BF24B999F9C}.Debug|Any CPU.ActiveCfg = Debug|Any CPU
		{F970C058-203B-463F-8FB3-1BF24B999F9C}.Debug|Any CPU.Build.0 = Debug|Any CPU
		{F970C058-203B-463F-8FB3-1BF24B999F9C}.Release|Any CPU.ActiveCfg = Release|Any CPU
		{F970C058-203B-463F-8FB3-1BF24B999F9C}.Release|Any CPU.Build.0 = Release|Any CPU
		{DD9A8E46-6429-40BB-A730-060A71A4A04C}.Debug|Any CPU.ActiveCfg = Debug|Any CPU
		{DD9A8E46-6429-40BB-A730-060A71A4A04C}.Debug|Any CPU.Build.0 = Debug|Any CPU
		{DD9A8E46-6429-40BB-A730-060A71A4A04C}.Release|Any CPU.ActiveCfg = Release|Any CPU
		{DD9A8E46-6429-40BB-A730-060A71A4A04C}.Release|Any CPU.Build.0 = Release|Any CPU
		{745A21E6-74B6-4A2B-A36A-78B4EF9D4D3E}.Debug|Any CPU.ActiveCfg = Debug|Any CPU
		{745A21E6-74B6-4A2B-A36A-78B4EF9D4D3E}.Debug|Any CPU.Build.0 = Debug|Any CPU
		{745A21E6-74B6-4A2B-A36A-78B4EF9D4D3E}.Release|Any CPU.ActiveCfg = Release|Any CPU
		{745A21E6-74B6-4A2B-A36A-78B4EF9D4D3E}.Release|Any CPU.Build.0 = Release|Any CPU
		{3FADA797-4130-4E3E-BEBA-8EAAB428B7B3}.Debug|Any CPU.ActiveCfg = Debug|Any CPU
		{3FADA797-4130-4E3E-BEBA-8EAAB428B7B3}.Debug|Any CPU.Build.0 = Debug|Any CPU
		{3FADA797-4130-4E3E-BEBA-8EAAB428B7B3}.Release|Any CPU.ActiveCfg = Release|Any CPU
		{3FADA797-4130-4E3E-BEBA-8EAAB428B7B3}.Release|Any CPU.Build.0 = Release|Any CPU
		{16C72057-FA03-46F6-904F-0D622154B27E}.Debug|Any CPU.ActiveCfg = Debug|Any CPU
		{16C72057-FA03-46F6-904F-0D622154B27E}.Debug|Any CPU.Build.0 = Debug|Any CPU
		{16C72057-FA03-46F6-904F-0D622154B27E}.Release|Any CPU.ActiveCfg = Release|Any CPU
		{16C72057-FA03-46F6-904F-0D622154B27E}.Release|Any CPU.Build.0 = Release|Any CPU
		{C0B1CC2D-5EA1-4CC1-BFE4-2344E57DFBD9}.Debug|Any CPU.ActiveCfg = Debug|Any CPU
		{C0B1CC2D-5EA1-4CC1-BFE4-2344E57DFBD9}.Debug|Any CPU.Build.0 = Debug|Any CPU
		{C0B1CC2D-5EA1-4CC1-BFE4-2344E57DFBD9}.Release|Any CPU.ActiveCfg = Release|Any CPU
		{C0B1CC2D-5EA1-4CC1-BFE4-2344E57DFBD9}.Release|Any CPU.Build.0 = Release|Any CPU
		{B479AAA1-8AD4-4951-BC60-0309571E0409}.Debug|Any CPU.ActiveCfg = Debug|Any CPU
		{B479AAA1-8AD4-4951-BC60-0309571E0409}.Debug|Any CPU.Build.0 = Debug|Any CPU
		{B479AAA1-8AD4-4951-BC60-0309571E0409}.Release|Any CPU.ActiveCfg = Release|Any CPU
		{B479AAA1-8AD4-4951-BC60-0309571E0409}.Release|Any CPU.Build.0 = Release|Any CPU
		{14E800E8-29AF-4661-951E-C84AD515A592}.Debug|Any CPU.ActiveCfg = Debug|Any CPU
		{14E800E8-29AF-4661-951E-C84AD515A592}.Debug|Any CPU.Build.0 = Debug|Any CPU
		{14E800E8-29AF-4661-951E-C84AD515A592}.Release|Any CPU.ActiveCfg = Release|Any CPU
		{14E800E8-29AF-4661-951E-C84AD515A592}.Release|Any CPU.Build.0 = Release|Any CPU
		{41F77D81-3690-4ED3-98EE-A52E72C876D5}.Debug|Any CPU.ActiveCfg = Debug|Any CPU
		{41F77D81-3690-4ED3-98EE-A52E72C876D5}.Debug|Any CPU.Build.0 = Debug|Any CPU
		{41F77D81-3690-4ED3-98EE-A52E72C876D5}.Release|Any CPU.ActiveCfg = Release|Any CPU
		{41F77D81-3690-4ED3-98EE-A52E72C876D5}.Release|Any CPU.Build.0 = Release|Any CPU
		{D43716D7-ACF4-49AF-968D-990D0ABCE574}.Debug|Any CPU.ActiveCfg = Debug|Any CPU
		{D43716D7-ACF4-49AF-968D-990D0ABCE574}.Debug|Any CPU.Build.0 = Debug|Any CPU
		{D43716D7-ACF4-49AF-968D-990D0ABCE574}.Release|Any CPU.ActiveCfg = Release|Any CPU
		{D43716D7-ACF4-49AF-968D-990D0ABCE574}.Release|Any CPU.Build.0 = Release|Any CPU
		{3AACFDFA-F53C-4337-BE6B-C0A1A251656A}.Debug|Any CPU.ActiveCfg = Debug|Any CPU
		{3AACFDFA-F53C-4337-BE6B-C0A1A251656A}.Debug|Any CPU.Build.0 = Debug|Any CPU
		{3AACFDFA-F53C-4337-BE6B-C0A1A251656A}.Release|Any CPU.ActiveCfg = Release|Any CPU
		{3AACFDFA-F53C-4337-BE6B-C0A1A251656A}.Release|Any CPU.Build.0 = Release|Any CPU
		{1BD96A91-B081-4FA1-B484-38571F668A57}.Debug|Any CPU.ActiveCfg = Debug|Any CPU
		{1BD96A91-B081-4FA1-B484-38571F668A57}.Debug|Any CPU.Build.0 = Debug|Any CPU
		{1BD96A91-B081-4FA1-B484-38571F668A57}.Release|Any CPU.ActiveCfg = Release|Any CPU
		{1BD96A91-B081-4FA1-B484-38571F668A57}.Release|Any CPU.Build.0 = Release|Any CPU
		{420712D9-EEB5-464D-8DB6-856E87C37877}.Debug|Any CPU.ActiveCfg = Debug|Any CPU
		{420712D9-EEB5-464D-8DB6-856E87C37877}.Debug|Any CPU.Build.0 = Debug|Any CPU
		{420712D9-EEB5-464D-8DB6-856E87C37877}.Release|Any CPU.ActiveCfg = Release|Any CPU
		{420712D9-EEB5-464D-8DB6-856E87C37877}.Release|Any CPU.Build.0 = Release|Any CPU
		{D01735B5-BB51-4E21-A9E0-5C6C49F6D691}.Debug|Any CPU.ActiveCfg = Debug|Any CPU
		{D01735B5-BB51-4E21-A9E0-5C6C49F6D691}.Debug|Any CPU.Build.0 = Debug|Any CPU
		{D01735B5-BB51-4E21-A9E0-5C6C49F6D691}.Release|Any CPU.ActiveCfg = Release|Any CPU
		{D01735B5-BB51-4E21-A9E0-5C6C49F6D691}.Release|Any CPU.Build.0 = Release|Any CPU
		{CDF3EC97-EF2E-49FE-B2D7-8DA9B41B7DD8}.Debug|Any CPU.ActiveCfg = Debug|Any CPU
		{CDF3EC97-EF2E-49FE-B2D7-8DA9B41B7DD8}.Debug|Any CPU.Build.0 = Debug|Any CPU
		{CDF3EC97-EF2E-49FE-B2D7-8DA9B41B7DD8}.Release|Any CPU.ActiveCfg = Release|Any CPU
		{CDF3EC97-EF2E-49FE-B2D7-8DA9B41B7DD8}.Release|Any CPU.Build.0 = Release|Any CPU
		{BAA71E3E-5426-428F-9B2D-34ACA7966F62}.Debug|Any CPU.ActiveCfg = Debug|Any CPU
		{BAA71E3E-5426-428F-9B2D-34ACA7966F62}.Debug|Any CPU.Build.0 = Debug|Any CPU
		{BAA71E3E-5426-428F-9B2D-34ACA7966F62}.Release|Any CPU.ActiveCfg = Release|Any CPU
		{BAA71E3E-5426-428F-9B2D-34ACA7966F62}.Release|Any CPU.Build.0 = Release|Any CPU
		{A5BF6F52-1896-4B36-9DFA-440DABD74C30}.Debug|Any CPU.ActiveCfg = Debug|Any CPU
		{A5BF6F52-1896-4B36-9DFA-440DABD74C30}.Debug|Any CPU.Build.0 = Debug|Any CPU
		{A5BF6F52-1896-4B36-9DFA-440DABD74C30}.Release|Any CPU.ActiveCfg = Release|Any CPU
		{A5BF6F52-1896-4B36-9DFA-440DABD74C30}.Release|Any CPU.Build.0 = Release|Any CPU
		{DF8D6626-A83C-41B1-A908-205ECA993260}.Debug|Any CPU.ActiveCfg = Debug|Any CPU
		{DF8D6626-A83C-41B1-A908-205ECA993260}.Debug|Any CPU.Build.0 = Debug|Any CPU
		{DF8D6626-A83C-41B1-A908-205ECA993260}.Release|Any CPU.ActiveCfg = Release|Any CPU
		{DF8D6626-A83C-41B1-A908-205ECA993260}.Release|Any CPU.Build.0 = Release|Any CPU
		{307FC20F-DE5E-4781-ACDA-07C234175177}.Debug|Any CPU.ActiveCfg = Debug|Any CPU
		{307FC20F-DE5E-4781-ACDA-07C234175177}.Debug|Any CPU.Build.0 = Debug|Any CPU
		{307FC20F-DE5E-4781-ACDA-07C234175177}.Release|Any CPU.ActiveCfg = Release|Any CPU
		{307FC20F-DE5E-4781-ACDA-07C234175177}.Release|Any CPU.Build.0 = Release|Any CPU
		{6C91331F-E02F-41EC-ACDA-F4F0387BF33B}.Debug|Any CPU.ActiveCfg = Debug|Any CPU
		{6C91331F-E02F-41EC-ACDA-F4F0387BF33B}.Debug|Any CPU.Build.0 = Debug|Any CPU
		{6C91331F-E02F-41EC-ACDA-F4F0387BF33B}.Release|Any CPU.ActiveCfg = Release|Any CPU
		{6C91331F-E02F-41EC-ACDA-F4F0387BF33B}.Release|Any CPU.Build.0 = Release|Any CPU
		{4E251DC4-B44B-4BEF-9449-6849B4B66FEF}.Debug|Any CPU.ActiveCfg = Debug|Any CPU
		{4E251DC4-B44B-4BEF-9449-6849B4B66FEF}.Debug|Any CPU.Build.0 = Debug|Any CPU
		{4E251DC4-B44B-4BEF-9449-6849B4B66FEF}.Release|Any CPU.ActiveCfg = Release|Any CPU
		{4E251DC4-B44B-4BEF-9449-6849B4B66FEF}.Release|Any CPU.Build.0 = Release|Any CPU
		{A57D8BE3-A5FC-4AAE-814A-BFB02A36EB01}.Debug|Any CPU.ActiveCfg = Debug|Any CPU
		{A57D8BE3-A5FC-4AAE-814A-BFB02A36EB01}.Debug|Any CPU.Build.0 = Debug|Any CPU
		{A57D8BE3-A5FC-4AAE-814A-BFB02A36EB01}.Release|Any CPU.ActiveCfg = Release|Any CPU
		{A57D8BE3-A5FC-4AAE-814A-BFB02A36EB01}.Release|Any CPU.Build.0 = Release|Any CPU
	EndGlobalSection
	GlobalSection(SolutionProperties) = preSolution
		HideSolutionNode = FALSE
	EndGlobalSection
	GlobalSection(ExtensibilityGlobals) = postSolution
		SolutionGuid = {C5265D46-5197-40B9-A8BB-03E9709BDA19}
	EndGlobalSection
EndGlobal
